{
  "name": "backend",
  "lockfileVersion": 2,
  "requires": true,
  "packages": {
    "": {
      "dependencies": {
        "nosql": "^6.1.0"
      }
    },
    "node_modules/nosql": {
      "version": "6.1.0",
      "resolved": "https://registry.npmjs.org/nosql/-/nosql-6.1.0.tgz",
      "integrity": "sha512-xbrxt3h+UknsZbF6pWpWZmyD2lFSbKSc4IlcaO5uKUlhho4At9qSHlr/SrCLdLWHgTVTnf5gyIcHHYPpDgMOMg==",
      "engines": {
        "node": ">=4.0.0"
      }
    }
  },
  "dependencies": {
    "nosql": {
      "version": "6.1.0",
      "resolved": "https://registry.npmjs.org/nosql/-/nosql-6.1.0.tgz",
      "integrity": "sha512-xbrxt3h+UknsZbF6pWpWZmyD2lFSbKSc4IlcaO5uKUlhho4At9qSHlr/SrCLdLWHgTVTnf5gyIcHHYPpDgMOMg=="
    }
  }
}
